Microsoft Visual Studio Solution File, Format Version 12.00
# Visual Studio Version 17
VisualStudioVersion = 17.5.2.0
MinimumVisualStudioVersion = 10.0.40219.1
Project("{FAE04EC0-301F-11D3-BF4B-00C04F79EFBC}") = "biblioteca-tes2026", "biblioteca-tes2026.csproj", "{643F079E-5C9C-4202-A285-0769028A9A2A}"
EndProject
Global
	GlobalSection(SolutionConfigurationPlatforms) = preSolution
		Debug|Any CPU = Debug|Any CPU
		Release|Any CPU = Release|Any CPU
	EndGlobalSection
	GlobalSection(ProjectConfigurationPlatforms) = postSolution
		{643F079E-5C9C-4202-A285-0769028A9A2A}.Debug|Any CPU.ActiveCfg = Debug|Any CPU
		{643F079E-5C9C-4202-A285-0769028A9A2A}.Debug|Any CPU.Build.0 = Debug|Any CPU
		{643F079E-5C9C-4202-A285-0769028A9A2A}.Release|Any CPU.ActiveCfg = Release|Any CPU
		{643F079E-5C9C-4202-A285-0769028A9A2A}.Release|Any CPU.Build.0 = Release|Any CPU
	EndGlobalSection
	GlobalSection(SolutionProperties) = preSolution
		HideSolutionNode = FALSE
	EndGlobalSection
	GlobalSection(ExtensibilityGlobals) = postSolution
		SolutionGuid = {BD76431A-19D6-4734-94A9-8037C584F2C9}
	EndGlobalSection
EndGlobal
